Microsoft Visual Studio Solution File, Format Version 12.00
Project("{FAE04EC0-301F-11D3-BF4B-00C04F79EFBC}") = "Apps.Drupal", "Apps.Drupal\Apps.Drupal.csproj", "{EB25604E-8EBA-464E-BEDF-30EA95395AD3}"
EndProject
Project("{FAE04EC0-301F-11D3-BF4B-00C04F79EFBC}") = "Tests.Drupal", "Tests.Drupal\Tests.Drupal.csproj", "{60CBF947-E637-411A-AF38-C984E73D060D}"
EndProject
Project("{2150E333-8FDC-42A3-9474-1A3956D46DE8}") = "docs", "docs", "{B773D18D-76DC-458A-AAFE-3C3EAA164D5C}"
	ProjectSection(SolutionItems) = preProject
		readme.md = readme.md
	EndProjectSection
EndProject
Global
	GlobalSection(SolutionConfigurationPlatforms) = preSolution
		Debug|Any CPU = Debug|Any CPU
		Release|Any CPU = Release|Any CPU
	EndGlobalSection
	GlobalSection(ProjectConfigurationPlatforms) = postSolution
		{EB25604E-8EBA-464E-BEDF-30EA95395AD3}.Debug|Any CPU.ActiveCfg = Debug|Any CPU
		{EB25604E-8EBA-464E-BEDF-30EA95395AD3}.Debug|Any CPU.Build.0 = Debug|Any CPU
		{EB25604E-8EBA-464E-BEDF-30EA95395AD3}.Release|Any CPU.ActiveCfg = Release|Any CPU
		{EB25604E-8EBA-464E-BEDF-30EA95395AD3}.Release|Any CPU.Build.0 = Release|Any CPU
		{60CBF947-E637-411A-AF38-C984E73D060D}.Debug|Any CPU.ActiveCfg = Debug|Any CPU
		{60CBF947-E637-411A-AF38-C984E73D060D}.Debug|Any CPU.Build.0 = Debug|Any CPU
		{60CBF947-E637-411A-AF38-C984E73D060D}.Release|Any CPU.ActiveCfg = Release|Any CPU
		{60CBF947-E637-411A-AF38-C984E73D060D}.Release|Any CPU.Build.0 = Release|Any CPU
	EndGlobalSection
EndGlobal
